// !$*UTF8*$!
{
	archiveVersion = 1;
	classes = {
	};
	objectVersion = 46;
	objects = {

/* Begin PBXBuildFile section */
		59B33E371AB6A0DF00E44832 /* AppDelegate.swift in Sources */ = {isa = PBXBuildFile; fileRef = 59B33E361AB6A0DF00E44832 /* AppDelegate.swift */; };
		59B33E3E1AB6A0DF00E44832 /* Images.xcassets in Resources */ = {isa = PBXBuildFile; fileRef = 59B33E3D1AB6A0DF00E44832 /* Images.xcassets */; };
		59B33E411AB6A0DF00E44832 /* LaunchScreen.xib in Resources */ = {isa = PBXBuildFile; fileRef = 59B33E3F1AB6A0DF00E44832 /* LaunchScreen.xib */; };
		59B33E4D1AB6A0DF00E44832 /* IntroductionViewTests.swift in Sources */ = {isa = PBXBuildFile; fileRef = 59B33E4C1AB6A0DF00E44832 /* IntroductionViewTests.swift */; };
		59B33E591AB6A11100E44832 /* ZWIntroductionViewController.m in Sources */ = {isa = PBXBuildFile; fileRef = 59B33E581AB6A11100E44832 /* ZWIntroductionViewController.m */; };
		9516056F1D7D8298007016EB /* intro_video.mp4 in Resources */ = {isa = PBXBuildFile; fileRef = 9516056E1D7D8298007016EB /* intro_video.mp4 */; };
/* End PBXBuildFile section */

/* Begin PBXContainerItemProxy section */
		59B33E471AB6A0DF00E44832 /* PBXContainerItemProxy */ = {
			isa = PBXContainerItemProxy;
			containerPortal = 59B33E291AB6A0DF00E44832 /* Project object */;
			proxyType = 1;
			remoteGlobalIDString = 59B33E301AB6A0DF00E44832;
			remoteInfo = IntroductionView;
		};
/* End PBXContainerItemProxy section */

/* Begin PBXFileReference section */
		59B33E311AB6A0DF00E44832 /* IntroductionView.app */ = {isa = PBXFileReference; explicitFileType = wrapper.application; includeInIndex = 0; path = IntroductionView.app; sourceTree = BUILT_PRODUCTS_DIR; };
		59B33E351AB6A0DF00E44832 /* Info.plist */ = {isa = PBXFileReference; lastKnownFileType = text.plist.xml; path = Info.plist; sourceTree = "<group>"; };
		59B33E361AB6A0DF00E44832 /* AppDelegate.swift */ = {isa = PBXFileReference; lastKnownFileType = sourcecode.swift; path = AppDelegate.swift; sourceTree = "<group>"; };
		59B33E3D1AB6A0DF00E44832 /* Images.xcassets */ = {isa = PBXFileReference; lastKnownFileType = folder.assetcatalog; path = Images.xcassets; sourceTree = "<group>"; };
		59B33E401AB6A0DF00E44832 /* Base */ = {isa = PBXFileReference; lastKnownFileType = file.xib; name = Base; path = Base.lproj/LaunchScreen.xib; sourceTree = "<group>"; };
		59B33E461AB6A0DF00E44832 /* IntroductionViewTests.xctest */ = {isa = PBXFileReference; explicitFileType = wrapper.cfbundle; includeInIndex = 0; path = IntroductionViewTests.xctest; sourceTree = BUILT_PRODUCTS_DIR; };
		59B33E4B1AB6A0DF00E44832 /* Info.plist */ = {isa = PBXFileReference; lastKnownFileType = text.plist.xml; path = Info.plist; sourceTree = "<group>"; };
		59B33E4C1AB6A0DF00E44832 /* IntroductionViewTests.swift */ = {isa = PBXFileReference; lastKnownFileType = sourcecode.swift; path = IntroductionViewTests.swift; sourceTree = "<group>"; };
		59B33E571AB6A11100E44832 /* ZWIntroductionViewController.h */ = {isa = PBXFileReference; fileEncoding = 4; lastKnownFileType = sourcecode.c.h; path = ZWIntroductionViewController.h; sourceTree = "<group>"; };
		59B33E581AB6A11100E44832 /* ZWIntroductionViewController.m */ = {isa = PBXFileReference; fileEncoding = 4; lastKnownFileType = sourcecode.c.objc; path = ZWIntroductionViewController.m; sourceTree = "<group>"; };
		59B33E5A1AB6A13400E44832 /* IntroductionView-Bridging-Header.h */ = {isa = PBXFileReference; lastKnownFileType = sourcecode.c.h; path = "IntroductionView-Bridging-Header.h"; sourceTree = "<group>"; };
		9516056E1D7D8298007016EB /* intro_video.mp4 */ = {isa = PBXFileReference; lastKnownFileType = file; path = intro_video.mp4; sourceTree = "<group>"; };
/* End PBXFileReference section */

/* Begin PBXFrameworksBuildPhase section */
		59B33E2E1AB6A0DF00E44832 /* Frameworks */ = {
			isa = PBXFrameworksBuildPhase;
			buildActionMask = 2147483647;
			files = (
			);
			runOnlyForDeploymentPostprocessing = 0;
		};
		59B33E431AB6A0DF00E44832 /* Frameworks */ = {
			isa = PBXFrameworksBuildPhase;
			buildActionMask = 2147483647;
			files = (
			);
			runOnlyForDeploymentPostprocessing = 0;
		};
/* End PBXFrameworksBuildPhase section */

/* Begin PBXGroup section */
		59B33E281AB6A0DF00E44832 = {
			isa = PBXGroup;
			children = (
				59B33E331AB6A0DF00E44832 /* IntroductionView */,
				59B33E491AB6A0DF00E44832 /* IntroductionViewTests */,
				59B33E321AB6A0DF00E44832 /* Products */,
			);
			sourceTree = "<group>";
		};
		59B33E321AB6A0DF00E44832 /* Products */ = {
			isa = PBXGroup;
			children = (
				59B33E311AB6A0DF00E44832 /* IntroductionView.app */,
				59B33E461AB6A0DF00E44832 /* IntroductionViewTests.xctest */,
			);
			name = Products;
			sourceTree = "<group>";
		};
		59B33E331AB6A0DF00E44832 /* IntroductionView */ = {
			isa = PBXGroup;
			children = (
				59B33E561AB6A11100E44832 /* Library */,
				59B33E361AB6A0DF00E44832 /* AppDelegate.swift */,
				59B33E3D1AB6A0DF00E44832 /* Images.xcassets */,
				59B33E3F1AB6A0DF00E44832 /* LaunchScreen.xib */,
				59B33E341AB6A0DF00E44832 /* Supporting Files */,
				59B33E5A1AB6A13400E44832 /* IntroductionView-Bridging-Header.h */,
			);
			path = IntroductionView;
			sourceTree = "<group>";
		};
		59B33E341AB6A0DF00E44832 /* Supporting Files */ = {
			isa = PBXGroup;
			children = (
				9516056E1D7D8298007016EB /* intro_video.mp4 */,
				59B33E351AB6A0DF00E44832 /* Info.plist */,
			);
			name = "Supporting Files";
			sourceTree = "<group>";
		};
		59B33E491AB6A0DF00E44832 /* IntroductionViewTests */ = {
			isa = PBXGroup;
			children = (
				59B33E4C1AB6A0DF00E44832 /* IntroductionViewTests.swift */,
				59B33E4A1AB6A0DF00E44832 /* Supporting Files */,
			);
			path = IntroductionViewTests;
			sourceTree = "<group>";
		};
		59B33E4A1AB6A0DF00E44832 /* Supporting Files */ = {
			isa = PBXGroup;
			children = (
				59B33E4B1AB6A0DF00E44832 /* Info.plist */,
			);
			name = "Supporting Files";
			sourceTree = "<group>";
		};
		59B33E561AB6A11100E44832 /* Library */ = {
			isa = PBXGroup;
			children = (
				59B33E571AB6A11100E44832 /* ZWIntroductionViewController.h */,
				59B33E581AB6A11100E44832 /* ZWIntroductionViewController.m */,
			);
			name = Library;
			path = ../../../Library;
			sourceTree = "<group>";
		};
/* End PBXGroup section */

/* Begin PBXNativeTarget section */
		59B33E301AB6A0DF00E44832 /* IntroductionView */ = {
			isa = PBXNativeTarget;
			buildConfigurationList = 59B33E501AB6A0DF00E44832 /* Build configuration list for PBXNativeTarget "IntroductionView" */;
			buildPhases = (
				59B33E2D1AB6A0DF00E44832 /* Sources */,
				59B33E2E1AB6A0DF00E44832 /* Frameworks */,
				59B33E2F1AB6A0DF00E44832 /* Resources */,
			);
			buildRules = (
			);
			dependencies = (
			);
			name = IntroductionView;
			productName = IntroductionView;
			productReference = 59B33E311AB6A0DF00E44832 /* IntroductionView.app */;
			productType = "com.apple.product-type.application";
		};
		59B33E451AB6A0DF00E44832 /* IntroductionViewTests */ = {
			isa = PBXNativeTarget;
			buildConfigurationList = 59B33E531AB6A0DF00E44832 /* Build configuration list for PBXNativeTarget "IntroductionViewTests" */;
			buildPhases = (
				59B33E421AB6A0DF00E44832 /* Sources */,
				59B33E431AB6A0DF00E44832 /* Frameworks */,
				59B33E441AB6A0DF00E44832 /* Resources */,
			);
			buildRules = (
			);
			dependencies = (
				59B33E481AB6A0DF00E44832 /* PBXTargetDependency */,
			);
			name = IntroductionViewTests;
			productName = IntroductionViewTests;
			productReference = 59B33E461AB6A0DF00E44832 /* IntroductionViewTests.xctest */;
			productType = "com.apple.product-type.bundle.unit-test";
		};
/* End PBXNativeTarget section */

/* Begin PBXProject section */
		59B33E291AB6A0DF00E44832 /* Project object */ = {
			isa = PBXProject;
			attributes = {
				LastSwiftUpdateCheck = 0730;
				LastUpgradeCheck = 0610;
				ORGANIZATIONNAME = square;
				TargetAttributes = {
					59B33E301AB6A0DF00E44832 = {
						CreatedOnToolsVersion = 6.1.1;
						LastSwiftMigration = 0800;
					};
					59B33E451AB6A0DF00E44832 = {
						CreatedOnToolsVersion = 6.1.1;
						LastSwiftMigration = 0800;
						TestTargetID = 59B33E301AB6A0DF00E44832;
					};
				};
			};
			buildConfigurationList = 59B33E2C1AB6A0DF00E44832 /* Build configuration list for PBXProject "IntroductionView" */;
			compatibilityVersion = "Xcode 3.2";
			developmentRegion = English;
			hasScannedForEncodings = 0;
			knownRegions = (
				en,
				Base,
			);
			mainGroup = 59B33E281AB6A0DF00E44832;
			productRefGroup = 59B33E321AB6A0DF00E44832 /* Products */;
			projectDirPath = "";
			projectRoot = "";
			targets = (
				59B33E301AB6A0DF00E44832 /* IntroductionView */,
				59B33E451AB6A0DF00E44832 /* IntroductionViewTests */,
			);
		};
/* End PBXProject section */

/* Begin PBXResourcesBuildPhase section */
		59B33E2F1AB6A0DF00E44832 /* Resources */ = {
			isa = PBXResourcesBuildPhase;
			buildActionMask = 2147483647;
			files = (
				59B33E411AB6A0DF00E44832 /* LaunchScreen.xib in Resources */,
				9516056F1D7D8298007016EB /* intro_video.mp4 in Resources */,
				59B33E3E1AB6A0DF00E44832 /* Images.xcassets in Resources */,
			);
			runOnlyForDeploymentPostprocessing = 0;
		};
		59B33E441AB6A0DF00E44832 /* Resources */ = {
			isa = PBXResourcesBuildPhase;
			buildActionMask = 2147483647;
			files = (
			);
			runOnlyForDeploymentPostprocessing = 0;
		};
/* End PBXResourcesBuildPhase section */

/* Begin PBXSourcesBuildPhase section */
		59B33E2D1AB6A0DF00E44832 /* Sources */ = {
			isa = PBXSourcesBuildPhase;
			buildActionMask = 2147483647;
			files = (
				59B33E371AB6A0DF00E44832 /* AppDelegate.swift in Sources */,
				59B33E591AB6A11100E44832 /* ZWIntroductionViewController.m in Sources */,
			);
			runOnlyForDeploymentPostprocessing = 0;
		};
		59B33E421AB6A0DF00E44832 /* Sources */ = {
			isa = PBXSourcesBuildPhase;
			buildActionMask = 2147483647;
			files = (
				59B33E4D1AB6A0DF00E44832 /* IntroductionViewTests.swift in Sources */,
			);
			runOnlyForDeploymentPostprocessing = 0;
		};
/* End PBXSourcesBuildPhase section */

/* Begin PBXTargetDependency section */
		59B33E481AB6A0DF00E44832 /* PBXTargetDependency */ = {
			isa = PBXTargetDependency;
			target = 59B33E301AB6A0DF00E44832 /* IntroductionView */;
			targetProxy = 59B33E471AB6A0DF00E44832 /* PBXContainerItemProxy */;
		};
/* End PBXTargetDependency section */

/* Begin PBXVariantGroup section */
		59B33E3F1AB6A0DF00E44832 /* LaunchScreen.xib */ = {
			isa = PBXVariantGroup;
			children = (
				59B33E401AB6A0DF00E44832 /* Base */,
			);
			name = LaunchScreen.xib;
			sourceTree = "<group>";
		};
/* End PBXVariantGroup section */

/* Begin XCBuildConfiguration section */
		59B33E4E1AB6A0DF00E44832 /* Debug */ = {
			isa = XCBuildConfiguration;
			buildSettings = {
				ALWAYS_SEARCH_USER_PATHS = NO;
				CLANG_CXX_LANGUAGE_STANDARD = "gnu++0x";
				CLANG_CXX_LIBRARY = "libc++";
				CLANG_ENABLE_MODULES = YES;
				CLANG_ENABLE_OBJC_ARC = YES;
				CLANG_WARN_BOOL_CONVERSION = YES;
				CLANG_WARN_CONSTANT_CONVERSION = YES;
				CLANG_WARN_DIRECT_OBJC_ISA_USAGE = YES_ERROR;
				CLANG_WARN_EMPTY_BODY = YES;
				CLANG_WARN_ENUM_CONVERSION = YES;
				CLANG_WARN_INT_CONVERSION = YES;
				CLANG_WARN_OBJC_ROOT_CLASS = YES_ERROR;
				CLANG_WARN_UNREACHABLE_CODE = YES;
				CLANG_WARN__DUPLICATE_METHOD_MATCH = YES;
				"CODE_SIGN_IDENTITY[sdk=iphoneos*]" = "iPhone Developer";
				COPY_PHASE_STRIP = NO;
				ENABLE_STRICT_OBJC_MSGSEND = YES;
				GCC_C_LANGUAGE_STANDARD = gnu99;
				GCC_DYNAMIC_NO_PIC = NO;
				GCC_OPTIMIZATION_LEVEL = 0;
				GCC_PREPROCESSOR_DEFINITIONS = (
					"DEBUG=1",
					"$(inherited)",
				);
				GCC_SYMBOLS_PRIVATE_EXTERN = NO;
				GCC_WARN_64_TO_32_BIT_CONVERSION = YES;
				GCC_WARN_ABOUT_RETURN_TYPE = YES_ERROR;
				GCC_WARN_UNDECLARED_SELECTOR = YES;
				GCC_WARN_UNINITIALIZED_AUTOS = YES_AGGRESSIVE;
				GCC_WARN_UNUSED_FUNCTION = YES;
				GCC_WARN_UNUSED_VARIABLE = YES;
				IPHONEOS_DEPLOYMENT_TARGET = 8.1;
				MTL_ENABLE_DEBUG_INFO = YES;
				ONLY_ACTIVE_ARCH = YES;
				SDKROOT = iphoneos;
				SWIFT_OPTIMIZATION_LEVEL = "-Onone";
			};
			name = Debug;
		};
		59B33E4F1AB6A0DF00E44832 /* Release */ = {
			isa = XCBuildConfiguration;
			buildSettings = {
				ALWAYS_SEARCH_USER_PATHS = NO;
				CLANG_CXX_LANGUAGE_STANDARD = "gnu++0x";
				CLANG_CXX_LIBRARY = "libc++";
				CLANG_ENABLE_MODULES = YES;
				CLANG_ENABLE_OBJC_ARC = YES;
				CLANG_WARN_BOOL_CONVERSION = YES;
				CLANG_WARN_CONSTANT_CONVERSION = YES;
				CLANG_WARN_DIRECT_OBJC_ISA_USAGE = YES_ERROR;
				CLANG_WARN_EMPTY_BODY = YES;
				CLANG_WARN_ENUM_CONVERSION = YES;
				CLANG_WARN_INT_CONVERSION = YES;
				CLANG_WARN_OBJC_ROOT_CLASS = YES_ERROR;
				CLANG_WARN_UNREACHABLE_CODE = YES;
				CLANG_WARN__DUPLICATE_METHOD_MATCH = YES;
				"CODE_SIGN_IDENTITY[sdk=iphoneos*]" = "iPhone Developer";
				COPY_PHASE_STRIP = YES;
				ENABLE_NS_ASSERTIONS = NO;
				ENABLE_STRICT_OBJC_MSGSEND = YES;
				GCC_C_LANGUAGE_STANDARD = gnu99;
				GCC_WARN_64_TO_32_BIT_CONVERSION = YES;
				GCC_WARN_ABOUT_RETURN_TYPE = YES_ERROR;
				GCC_WARN_UNDECLARED_SELECTOR = YES;
				GCC_WARN_UNINITIALIZED_AUTOS = YES_AGGRESSIVE;
				GCC_WARN_UNUSED_FUNCTION = YES;
				GCC_WARN_UNUSED_VARIABLE = YES;
				IPHONEOS_DEPLOYMENT_TARGET = 8.1;
				MTL_ENABLE_DEBUG_INFO = NO;
				SDKROOT = iphoneos;
				VALIDATE_PRODUCT = YES;
			};
			name = Release;
		};
		59B33E511AB6A0DF00E44832 /* Debug */ = {
			isa = XCBuildConfiguration;
			buildSettings = {
				ASSETCATALOG_COMPILER_APPICON_NAME = AppIcon;
				INFOPLIST_FILE = IntroductionView/Info.plist;
				LD_RUNPATH_SEARCH_PATHS = "$(inherited) @executable_path/Frameworks";
				PRODUCT_NAME = "$(TARGET_NAME)";
				SWIFT_OBJC_BRIDGING_HEADER = "$(SRCROOT)/IntroductionView/IntroductionView-Bridging-Header.h";
				SWIFT_VERSION = 2.3;
			};
			name = Debug;
		};
		59B33E521AB6A0DF00E44832 /* Release */ = {
			isa = XCBuildConfiguration;
			buildSettings = {
				ASSETCATALOG_COMPILER_APPICON_NAME = AppIcon;
				INFOPLIST_FILE = IntroductionView/Info.plist;
				LD_RUNPATH_SEARCH_PATHS = "$(inherited) @executable_path/Frameworks";
				PRODUCT_NAME = "$(TARGET_NAME)";
				SWIFT_OBJC_BRIDGING_HEADER = "$(SRCROOT)/IntroductionView/IntroductionView-Bridging-Header.h";
				SWIFT_VERSION = 2.3;
			};
			name = Release;
		};
		59B33E541AB6A0DF00E44832 /* Debug */ = {
			isa = XCBuildConfiguration;
			buildSettings = {
				BUNDLE_LOADER = "$(TEST_HOST)";
				FRAMEWORK_SEARCH_PATHS = (
					"$(SDKROOT)/Developer/Library/Frameworks",
					"$(inherited)",
				);
				GCC_PREPROCESSOR_DEFINITIONS = (
					"DEBUG=1",
					"$(inherited)",
				);
				INFOPLIST_FILE = IntroductionViewTests/Info.plist;
				LD_RUNPATH_SEARCH_PATHS = "$(inherited) @executable_path/Frameworks @loader_path/Frameworks";
				PRODUCT_NAME = "$(TARGET_NAME)";
				SWIFT_VERSION = 2.3;
				TEST_HOST = "$(BUILT_PRODUCTS_DIR)/IntroductionView.app/IntroductionView";
			};
			name = Debug;
		};
		59B33E551AB6A0DF00E44832 /* Release */ = {
			isa = XCBuildConfiguration;
			buildSettings = {
				BUNDLE_LOADER = "$(TEST_HOST)";
				FRAMEWORK_SEARCH_PATHS = (
					"$(SDKROOT)/Developer/Library/Frameworks",
					"$(inherited)",
				);
				INFOPLIST_FILE = IntroductionViewTests/Info.plist;
				LD_RUNPATH_SEARCH_PATHS = "$(inherited) @executable_path/Frameworks @loader_path/Frameworks";
				PRODUCT_NAME = "$(TARGET_NAME)";
				SWIFT_VERSION = 2.3;
				TEST_HOST = "$(BUILT_PRODUCTS_DIR)/IntroductionView.app/IntroductionView";
			};
			name = Release;
		};
/* End XCBuildConfiguration section */

/* Begin XCConfigurationList section */
		59B33E2C1AB6A0DF00E44832 /* Build configuration list for PBXProject "IntroductionView" */ = {
			isa = XCConfigurationList;
			buildConfigurations = (
				59B33E4E1AB6A0DF00E44832 /* Debug */,
				59B33E4F1AB6A0DF00E44832 /* Release */,
			);
			defaultConfigurationIsVisible = 0;
			defaultConfigurationName = Release;
		};
		59B33E501AB6A0DF00E44832 /* Build configuration list for PBXNativeTarget "IntroductionView" */ = {
			isa = XCConfigurationList;
			buildConfigurations = (
				59B33E511AB6A0DF00E44832 /* Debug */,
				59B33E521AB6A0DF00E44832 /* Release */,
			);
			defaultConfigurationIsVisible = 0;
			defaultConfigurationName = Release;
		};
		59B33E531AB6A0DF00E44832 /* Build configuration list for PBXNativeTarget "IntroductionViewTests" */ = {
			isa = XCConfigurationList;
			buildConfigurations = (
				59B33E541AB6A0DF00E44832 /* Debug */,
				59B33E551AB6A0DF00E44832 /* Release */,
			);
			defaultConfigurationIsVisible = 0;
			defaultConfigurationName = Release;
		};
/* End XCConfigurationList section */
	};
	rootObject = 59B33E291AB6A0DF00E44832 /* Project object */;
}
