// !$*UTF8*$!
{
	archiveVersion = 1;
	classes = {
	};
	objectVersion = 46;
	objects = {

/* Begin PBXBuildFile section */
		59D336DF1A91D23B0089837F /* main.m in Sources */ = {isa = PBXBuildFile; fileRef = 59D336DE1A91D23B0089837F /* main.m */; };
		59D336E21A91D23B0089837F /* AppDelegate.m in Sources */ = {isa = PBXBuildFile; fileRef = 59D336E11A91D23B0089837F /* AppDelegate.m */; };
		59D336E51A91D23B0089837F /* ViewController.m in Sources */ = {isa = PBXBuildFile; fileRef = 59D336E41A91D23B0089837F /* ViewController.m */; };
		59D336EA1A91D23B0089837F /* Images.xcassets in Resources */ = {isa = PBXBuildFile; fileRef = 59D336E91A91D23B0089837F /* Images.xcassets */; };
		59D336ED1A91D23B0089837F /* LaunchScreen.xib in Resources */ = {isa = PBXBuildFile; fileRef = 59D336EB1A91D23B0089837F /* LaunchScreen.xib */; };
		59D336F91A91D23B0089837F /* IntroductionViewTests.m in Sources */ = {isa = PBXBuildFile; fileRef = 59D336F81A91D23B0089837F /* IntroductionViewTests.m */; };
		59D337051A91D2DC0089837F /* ZWIntroductionViewController.m in Sources */ = {isa = PBXBuildFile; fileRef = 59D337041A91D2DC0089837F /* ZWIntroductionViewController.m */; };
		9516056D1D7D39AE007016EB /* intro_video.mp4 in Resources */ = {isa = PBXBuildFile; fileRef = 9516056C1D7D39AE007016EB /* intro_video.mp4 */; };
/* End PBXBuildFile section */

/* Begin PBXContainerItemProxy section */
		59D336F31A91D23B0089837F /* PBXContainerItemProxy */ = {
			isa = PBXContainerItemProxy;
			containerPortal = 59D336D11A91D23B0089837F /* Project object */;
			proxyType = 1;
			remoteGlobalIDString = 59D336D81A91D23B0089837F;
			remoteInfo = IntroductionView;
		};
/* End PBXContainerItemProxy section */

/* Begin PBXFileReference section */
		59D336D91A91D23B0089837F /* IntroductionView.app */ = {isa = PBXFileReference; explicitFileType = wrapper.application; includeInIndex = 0; path = IntroductionView.app; sourceTree = BUILT_PRODUCTS_DIR; };
		59D336DD1A91D23B0089837F /* Info.plist */ = {isa = PBXFileReference; lastKnownFileType = text.plist.xml; path = Info.plist; sourceTree = "<group>"; };
		59D336DE1A91D23B0089837F /* main.m */ = {isa = PBXFileReference; lastKnownFileType = sourcecode.c.objc; path = main.m; sourceTree = "<group>"; };
		59D336E01A91D23B0089837F /* AppDelegate.h */ = {isa = PBXFileReference; lastKnownFileType = sourcecode.c.h; path = AppDelegate.h; sourceTree = "<group>"; };
		59D336E11A91D23B0089837F /* AppDelegate.m */ = {isa = PBXFileReference; lastKnownFileType = sourcecode.c.objc; path = AppDelegate.m; sourceTree = "<group>"; };
		59D336E31A91D23B0089837F /* ViewController.h */ = {isa = PBXFileReference; lastKnownFileType = sourcecode.c.h; path = ViewController.h; sourceTree = "<group>"; };
		59D336E41A91D23B0089837F /* ViewController.m */ = {isa = PBXFileReference; lastKnownFileType = sourcecode.c.objc; path = ViewController.m; sourceTree = "<group>"; };
		59D336E91A91D23B0089837F /* Images.xcassets */ = {isa = PBXFileReference; lastKnownFileType = folder.assetcatalog; path = Images.xcassets; sourceTree = "<group>"; };
		59D336EC1A91D23B0089837F /* Base */ = {isa = PBXFileReference; lastKnownFileType = file.xib; name = Base; path = Base.lproj/LaunchScreen.xib; sourceTree = "<group>"; };
		59D336F21A91D23B0089837F /* IntroductionViewTests.xctest */ = {isa = PBXFileReference; explicitFileType = wrapper.cfbundle; includeInIndex = 0; path = IntroductionViewTests.xctest; sourceTree = BUILT_PRODUCTS_DIR; };
		59D336F71A91D23B0089837F /* Info.plist */ = {isa = PBXFileReference; lastKnownFileType = text.plist.xml; path = Info.plist; sourceTree = "<group>"; };
		59D336F81A91D23B0089837F /* IntroductionViewTests.m */ = {isa = PBXFileReference; lastKnownFileType = sourcecode.c.objc; path = IntroductionViewTests.m; sourceTree = "<group>"; };
		59D337031A91D2DC0089837F /* ZWIntroductionViewController.h */ = {isa = PBXFileReference; fileEncoding = 4; lastKnownFileType = sourcecode.c.h; path = ZWIntroductionViewController.h; sourceTree = "<group>"; };
		59D337041A91D2DC0089837F /* ZWIntroductionViewController.m */ = {isa = PBXFileReference; fileEncoding = 4; lastKnownFileType = sourcecode.c.objc; path = ZWIntroductionViewController.m; sourceTree = "<group>"; };
		9516056C1D7D39AE007016EB /* intro_video.mp4 */ = {isa = PBXFileReference; lastKnownFileType = file; path = intro_video.mp4; sourceTree = "<group>"; };
/* End PBXFileReference section */

/* Begin PBXFrameworksBuildPhase section */
		59D336D61A91D23B0089837F /* Frameworks */ = {
			isa = PBXFrameworksBuildPhase;
			buildActionMask = 2147483647;
			files = (
			);
			runOnlyForDeploymentPostprocessing = 0;
		};
		59D336EF1A91D23B0089837F /* Frameworks */ = {
			isa = PBXFrameworksBuildPhase;
			buildActionMask = 2147483647;
			files = (
			);
			runOnlyForDeploymentPostprocessing = 0;
		};
/* End PBXFrameworksBuildPhase section */

/* Begin PBXGroup section */
		59D336D01A91D23B0089837F = {
			isa = PBXGroup;
			children = (
				59D337021A91D2DC0089837F /* Library */,
				59D336DB1A91D23B0089837F /* IntroductionView */,
				59D336F51A91D23B0089837F /* IntroductionViewTests */,
				59D336DA1A91D23B0089837F /* Products */,
			);
			sourceTree = "<group>";
		};
		59D336DA1A91D23B0089837F /* Products */ = {
			isa = PBXGroup;
			children = (
				59D336D91A91D23B0089837F /* IntroductionView.app */,
				59D336F21A91D23B0089837F /* IntroductionViewTests.xctest */,
			);
			name = Products;
			sourceTree = "<group>";
		};
		59D336DB1A91D23B0089837F /* IntroductionView */ = {
			isa = PBXGroup;
			children = (
				9516056C1D7D39AE007016EB /* intro_video.mp4 */,
				59D336E01A91D23B0089837F /* AppDelegate.h */,
				59D336E11A91D23B0089837F /* AppDelegate.m */,
				59D336E31A91D23B0089837F /* ViewController.h */,
				59D336E41A91D23B0089837F /* ViewController.m */,
				59D336E91A91D23B0089837F /* Images.xcassets */,
				59D336EB1A91D23B0089837F /* LaunchScreen.xib */,
				59D336DC1A91D23B0089837F /* Supporting Files */,
			);
			path = IntroductionView;
			sourceTree = "<group>";
		};
		59D336DC1A91D23B0089837F /* Supporting Files */ = {
			isa = PBXGroup;
			children = (
				59D336DD1A91D23B0089837F /* Info.plist */,
				59D336DE1A91D23B0089837F /* main.m */,
			);
			name = "Supporting Files";
			sourceTree = "<group>";
		};
		59D336F51A91D23B0089837F /* IntroductionViewTests */ = {
			isa = PBXGroup;
			children = (
				59D336F81A91D23B0089837F /* IntroductionViewTests.m */,
				59D336F61A91D23B0089837F /* Supporting Files */,
			);
			path = IntroductionViewTests;
			sourceTree = "<group>";
		};
		59D336F61A91D23B0089837F /* Supporting Files */ = {
			isa = PBXGroup;
			children = (
				59D336F71A91D23B0089837F /* Info.plist */,
			);
			name = "Supporting Files";
			sourceTree = "<group>";
		};
		59D337021A91D2DC0089837F /* Library */ = {
			isa = PBXGroup;
			children = (
				59D337031A91D2DC0089837F /* ZWIntroductionViewController.h */,
				59D337041A91D2DC0089837F /* ZWIntroductionViewController.m */,
			);
			name = Library;
			path = ../../Library;
			sourceTree = "<group>";
		};
/* End PBXGroup section */

/* Begin PBXNativeTarget section */
		59D336D81A91D23B0089837F /* IntroductionView */ = {
			isa = PBXNativeTarget;
			buildConfigurationList = 59D336FC1A91D23B0089837F /* Build configuration list for PBXNativeTarget "IntroductionView" */;
			buildPhases = (
				59D336D51A91D23B0089837F /* Sources */,
				59D336D61A91D23B0089837F /* Frameworks */,
				59D336D71A91D23B0089837F /* Resources */,
			);
			buildRules = (
			);
			dependencies = (
			);
			name = IntroductionView;
			productName = IntroductionView;
			productReference = 59D336D91A91D23B0089837F /* IntroductionView.app */;
			productType = "com.apple.product-type.application";
		};
		59D336F11A91D23B0089837F /* IntroductionViewTests */ = {
			isa = PBXNativeTarget;
			buildConfigurationList = 59D336FF1A91D23B0089837F /* Build configuration list for PBXNativeTarget "IntroductionViewTests" */;
			buildPhases = (
				59D336EE1A91D23B0089837F /* Sources */,
				59D336EF1A91D23B0089837F /* Frameworks */,
				59D336F01A91D23B0089837F /* Resources */,
			);
			buildRules = (
			);
			dependencies = (
				59D336F41A91D23B0089837F /* PBXTargetDependency */,
			);
			name = IntroductionViewTests;
			productName = IntroductionViewTests;
			productReference = 59D336F21A91D23B0089837F /* IntroductionViewTests.xctest */;
			productType = "com.apple.product-type.bundle.unit-test";
		};
/* End PBXNativeTarget section */

/* Begin PBXProject section */
		59D336D11A91D23B0089837F /* Project object */ = {
			isa = PBXProject;
			attributes = {
				LastUpgradeCheck = 0610;
				ORGANIZATIONNAME = square;
				TargetAttributes = {
					59D336D81A91D23B0089837F = {
						CreatedOnToolsVersion = 6.1.1;
					};
					59D336F11A91D23B0089837F = {
						CreatedOnToolsVersion = 6.1.1;
						TestTargetID = 59D336D81A91D23B0089837F;
					};
				};
			};
			buildConfigurationList = 59D336D41A91D23B0089837F /* Build configuration list for PBXProject "IntroductionView" */;
			compatibilityVersion = "Xcode 3.2";
			developmentRegion = English;
			hasScannedForEncodings = 0;
			knownRegions = (
				en,
				Base,
			);
			mainGroup = 59D336D01A91D23B0089837F;
			productRefGroup = 59D336DA1A91D23B0089837F /* Products */;
			projectDirPath = "";
			projectRoot = "";
			targets = (
				59D336D81A91D23B0089837F /* IntroductionView */,
				59D336F11A91D23B0089837F /* IntroductionViewTests */,
			);
		};
/* End PBXProject section */

/* Begin PBXResourcesBuildPhase section */
		59D336D71A91D23B0089837F /* Resources */ = {
			isa = PBXResourcesBuildPhase;
			buildActionMask = 2147483647;
			files = (
				59D336ED1A91D23B0089837F /* LaunchScreen.xib in Resources */,
				9516056D1D7D39AE007016EB /* intro_video.mp4 in Resources */,
				59D336EA1A91D23B0089837F /* Images.xcassets in Resources */,
			);
			runOnlyForDeploymentPostprocessing = 0;
		};
		59D336F01A91D23B0089837F /* Resources */ = {
			isa = PBXResourcesBuildPhase;
			buildActionMask = 2147483647;
			files = (
			);
			runOnlyForDeploymentPostprocessing = 0;
		};
/* End PBXResourcesBuildPhase section */

/* Begin PBXSourcesBuildPhase section */
		59D336D51A91D23B0089837F /* Sources */ = {
			isa = PBXSourcesBuildPhase;
			buildActionMask = 2147483647;
			files = (
				59D336E51A91D23B0089837F /* ViewController.m in Sources */,
				59D336E21A91D23B0089837F /* AppDelegate.m in Sources */,
				59D336DF1A91D23B0089837F /* main.m in Sources */,
				59D337051A91D2DC0089837F /* ZWIntroductionViewController.m in Sources */,
			);
			runOnlyForDeploymentPostprocessing = 0;
		};
		59D336EE1A91D23B0089837F /* Sources */ = {
			isa = PBXSourcesBuildPhase;
			buildActionMask = 2147483647;
			files = (
				59D336F91A91D23B0089837F /* IntroductionViewTests.m in Sources */,
			);
			runOnlyForDeploymentPostprocessing = 0;
		};
/* End PBXSourcesBuildPhase section */

/* Begin PBXTargetDependency section */
		59D336F41A91D23B0089837F /* PBXTargetDependency */ = {
			isa = PBXTargetDependency;
			target = 59D336D81A91D23B0089837F /* IntroductionView */;
			targetProxy = 59D336F31A91D23B0089837F /* PBXContainerItemProxy */;
		};
/* End PBXTargetDependency section */

/* Begin PBXVariantGroup section */
		59D336EB1A91D23B0089837F /* LaunchScreen.xib */ = {
			isa = PBXVariantGroup;
			children = (
				59D336EC1A91D23B0089837F /* Base */,
			);
			name = LaunchScreen.xib;
			sourceTree = "<group>";
		};
/* End PBXVariantGroup section */

/* Begin XCBuildConfiguration section */
		59D336FA1A91D23B0089837F /* Debug */ = {
			isa = XCBuildConfiguration;
			buildSettings = {
				ALWAYS_SEARCH_USER_PATHS = NO;
				CLANG_CXX_LANGUAGE_STANDARD = "gnu++0x";
				CLANG_CXX_LIBRARY = "libc++";
				CLANG_ENABLE_MODULES = YES;
				CLANG_ENABLE_OBJC_ARC = YES;
				CLANG_WARN_BOOL_CONVERSION = YES;
				CLANG_WARN_CONSTANT_CONVERSION = YES;
				CLANG_WARN_DIRECT_OBJC_ISA_USAGE = YES_ERROR;
				CLANG_WARN_EMPTY_BODY = YES;
				CLANG_WARN_ENUM_CONVERSION = YES;
				CLANG_WARN_INT_CONVERSION = YES;
				CLANG_WARN_OBJC_ROOT_CLASS = YES_ERROR;
				CLANG_WARN_UNREACHABLE_CODE = YES;
				CLANG_WARN__DUPLICATE_METHOD_MATCH = YES;
				"CODE_SIGN_IDENTITY[sdk=iphoneos*]" = "iPhone Developer";
				COPY_PHASE_STRIP = NO;
				ENABLE_STRICT_OBJC_MSGSEND = YES;
				GCC_C_LANGUAGE_STANDARD = gnu99;
				GCC_DYNAMIC_NO_PIC = NO;
				GCC_OPTIMIZATION_LEVEL = 0;
				GCC_PREPROCESSOR_DEFINITIONS = (
					"DEBUG=1",
					"$(inherited)",
				);
				GCC_SYMBOLS_PRIVATE_EXTERN = NO;
				GCC_WARN_64_TO_32_BIT_CONVERSION = YES;
				GCC_WARN_ABOUT_RETURN_TYPE = YES_ERROR;
				GCC_WARN_UNDECLARED_SELECTOR = YES;
				GCC_WARN_UNINITIALIZED_AUTOS = YES_AGGRESSIVE;
				GCC_WARN_UNUSED_FUNCTION = YES;
				GCC_WARN_UNUSED_VARIABLE = YES;
				IPHONEOS_DEPLOYMENT_TARGET = 8.1;
				MTL_ENABLE_DEBUG_INFO = YES;
				ONLY_ACTIVE_ARCH = YES;
				SDKROOT = iphoneos;
				TARGETED_DEVICE_FAMILY = "1,2";
			};
			name = Debug;
		};
		59D336FB1A91D23B0089837F /* Release */ = {
			isa = XCBuildConfiguration;
			buildSettings = {
				ALWAYS_SEARCH_USER_PATHS = NO;
				CLANG_CXX_LANGUAGE_STANDARD = "gnu++0x";
				CLANG_CXX_LIBRARY = "libc++";
				CLANG_ENABLE_MODULES = YES;
				CLANG_ENABLE_OBJC_ARC = YES;
				CLANG_WARN_BOOL_CONVERSION = YES;
				CLANG_WARN_CONSTANT_CONVERSION = YES;
				CLANG_WARN_DIRECT_OBJC_ISA_USAGE = YES_ERROR;
				CLANG_WARN_EMPTY_BODY = YES;
				CLANG_WARN_ENUM_CONVERSION = YES;
				CLANG_WARN_INT_CONVERSION = YES;
				CLANG_WARN_OBJC_ROOT_CLASS = YES_ERROR;
				CLANG_WARN_UNREACHABLE_CODE = YES;
				CLANG_WARN__DUPLICATE_METHOD_MATCH = YES;
				"CODE_SIGN_IDENTITY[sdk=iphoneos*]" = "iPhone Developer";
				COPY_PHASE_STRIP = YES;
				ENABLE_NS_ASSERTIONS = NO;
				ENABLE_STRICT_OBJC_MSGSEND = YES;
				GCC_C_LANGUAGE_STANDARD = gnu99;
				GCC_WARN_64_TO_32_BIT_CONVERSION = YES;
				GCC_WARN_ABOUT_RETURN_TYPE = YES_ERROR;
				GCC_WARN_UNDECLARED_SELECTOR = YES;
				GCC_WARN_UNINITIALIZED_AUTOS = YES_AGGRESSIVE;
				GCC_WARN_UNUSED_FUNCTION = YES;
				GCC_WARN_UNUSED_VARIABLE = YES;
				IPHONEOS_DEPLOYMENT_TARGET = 8.1;
				MTL_ENABLE_DEBUG_INFO = NO;
				SDKROOT = iphoneos;
				TARGETED_DEVICE_FAMILY = "1,2";
				VALIDATE_PRODUCT = YES;
			};
			name = Release;
		};
		59D336FD1A91D23B0089837F /* Debug */ = {
			isa = XCBuildConfiguration;
			buildSettings = {
				ASSETCATALOG_COMPILER_APPICON_NAME = AppIcon;
				INFOPLIST_FILE = IntroductionView/Info.plist;
				LD_RUNPATH_SEARCH_PATHS = "$(inherited) @executable_path/Frameworks";
				PRODUCT_NAME = "$(TARGET_NAME)";
			};
			name = Debug;
		};
		59D336FE1A91D23B0089837F /* Release */ = {
			isa = XCBuildConfiguration;
			buildSettings = {
				ASSETCATALOG_COMPILER_APPICON_NAME = AppIcon;
				INFOPLIST_FILE = IntroductionView/Info.plist;
				LD_RUNPATH_SEARCH_PATHS = "$(inherited) @executable_path/Frameworks";
				PRODUCT_NAME = "$(TARGET_NAME)";
			};
			name = Release;
		};
		59D337001A91D23B0089837F /* Debug */ = {
			isa = XCBuildConfiguration;
			buildSettings = {
				BUNDLE_LOADER = "$(TEST_HOST)";
				FRAMEWORK_SEARCH_PATHS = (
					"$(SDKROOT)/Developer/Library/Frameworks",
					"$(inherited)",
				);
				GCC_PREPROCESSOR_DEFINITIONS = (
					"DEBUG=1",
					"$(inherited)",
				);
				INFOPLIST_FILE = IntroductionViewTests/Info.plist;
				LD_RUNPATH_SEARCH_PATHS = "$(inherited) @executable_path/Frameworks @loader_path/Frameworks";
				PRODUCT_NAME = "$(TARGET_NAME)";
				TEST_HOST = "$(BUILT_PRODUCTS_DIR)/IntroductionView.app/IntroductionView";
			};
			name = Debug;
		};
		59D337011A91D23B0089837F /* Release */ = {
			isa = XCBuildConfiguration;
			buildSettings = {
				BUNDLE_LOADER = "$(TEST_HOST)";
				FRAMEWORK_SEARCH_PATHS = (
					"$(SDKROOT)/Developer/Library/Frameworks",
					"$(inherited)",
				);
				INFOPLIST_FILE = IntroductionViewTests/Info.plist;
				LD_RUNPATH_SEARCH_PATHS = "$(inherited) @executable_path/Frameworks @loader_path/Frameworks";
				PRODUCT_NAME = "$(TARGET_NAME)";
				TEST_HOST = "$(BUILT_PRODUCTS_DIR)/IntroductionView.app/IntroductionView";
			};
			name = Release;
		};
/* End XCBuildConfiguration section */

/* Begin XCConfigurationList section */
		59D336D41A91D23B0089837F /* Build configuration list for PBXProject "IntroductionView" */ = {
			isa = XCConfigurationList;
			buildConfigurations = (
				59D336FA1A91D23B0089837F /* Debug */,
				59D336FB1A91D23B0089837F /* Release */,
			);
			defaultConfigurationIsVisible = 0;
			defaultConfigurationName = Release;
		};
		59D336FC1A91D23B0089837F /* Build configuration list for PBXNativeTarget "IntroductionView" */ = {
			isa = XCConfigurationList;
			buildConfigurations = (
				59D336FD1A91D23B0089837F /* Debug */,
				59D336FE1A91D23B0089837F /* Release */,
			);
			defaultConfigurationIsVisible = 0;
			defaultConfigurationName = Release;
		};
		59D336FF1A91D23B0089837F /* Build configuration list for PBXNativeTarget "IntroductionViewTests" */ = {
			isa = XCConfigurationList;
			buildConfigurations = (
				59D337001A91D23B0089837F /* Debug */,
				59D337011A91D23B0089837F /* Release */,
			);
			defaultConfigurationIsVisible = 0;
			defaultConfigurationName = Release;
		};
/* End XCConfigurationList section */
	};
	rootObject = 59D336D11A91D23B0089837F /* Project object */;
}
